
Microsoft Visual Studio Solution File, Format Version 12.00
# Visual Studio Version 16
VisualStudioVersion = 16.0.30413.136
MinimumVisualStudioVersion = 10.0.40219.1
Project("{888888A0-9F3D-457C-B088-3A5042F75D52}") = "AgendaContatos", "AgendaContatos.pyproj", "{659C0090-37E5-42C8-B4FC-1AF8E9D62FCE}"
EndProject
Global
	GlobalSection(SolutionConfigurationPlatforms) = preSolution
		Debug|Any CPU = Debug|Any CPU
		Release|Any CPU = Release|Any CPU
	EndGlobalSection
	GlobalSection(ProjectConfigurationPlatforms) = postSolution
		{659C0090-37E5-42C8-B4FC-1AF8E9D62FCE}.Debug|Any CPU.ActiveCfg = Debug|Any CPU
		{659C0090-37E5-42C8-B4FC-1AF8E9D62FCE}.Release|Any CPU.ActiveCfg = Release|Any CPU
	EndGlobalSection
	GlobalSection(SolutionProperties) = preSolution
		HideSolutionNode = FALSE
	EndGlobalSection
	GlobalSection(ExtensibilityGlobals) = postSolution
		SolutionGuid = {6DBEFEE0-29B2-4155-A1E0-E8B24FCE1B88}
	EndGlobalSection
EndGlobal
